<?xml version="1.0" encoding="UTF-8"?>
<Project ToolsVersion="14.0" xmlns="http://schemas.microsoft.com/developer/msbuild/2003">
  <ItemGroup>
    <ClCompile Include="C:\Users\asthasharma017\Development\FacialExpressionRecognitionProjectWorkspace\ExpressionAnalysis\DataPreProcessing\source\main.cpp">
      <Filter>Source Files</Filter>
    </ClCompile>
  </ItemGroup>
  <ItemGroup>
    <CustomBuild Include="C:\Users\asthasharma017\Development\FacialExpressionRecognitionProjectWorkspace\ExpressionAnalysis\DataPreProcessing\CmakeLists.txt" />
  </ItemGroup>
  <ItemGroup>
    <Filter Include="Source Files">
      <UniqueIdentifier>{B3C0DC4D-35B7-34DA-8EB2-98190010C370}</UniqueIdentifier>
    </Filter>
  </ItemGroup>
</Project>
